// !$*UTF8*$!
{
	archiveVersion = 1;
	classes = {
	};
	objectVersion = 77;
	objects = {

/* Begin PBXBuildFile section */
		017C0F284980942B86B9F27B /* BillableHoursDependenciesTests.swift in Sources */ = {isa = PBXBuildFile; fileRef = 0AC38E644BCA49E450BB426B /* BillableHoursDependenciesTests.swift */; };
		036978D165A5517311E31DEC /* BillableHoursSchemaV1.swift in Sources */ = {isa = PBXBuildFile; fileRef = 66CA907B71C4E97F53FFC0DF /* BillableHoursSchemaV1.swift */; };
		074A62EB3EF3C0D4203B0F37 /* SessionOverlapDetector.swift in Sources */ = {isa = PBXBuildFile; fileRef = 17FEE002F27080AC841FBA0D /* SessionOverlapDetector.swift */; };
		0A35BA314335C1B456916D12 /* SessionTagSnapshot.swift in Sources */ = {isa = PBXBuildFile; fileRef = 6E9B4D995CD2B827D1E456EA /* SessionTagSnapshot.swift */; };
		0AEA2DC62566105AB75F4FA8 /* BillableHoursWidgets.appex in Embed Foundation Extensions */ = {isa = PBXBuildFile; fileRef = ED7EC2C12BB66F5BBC85C570 /* BillableHoursWidgets.appex */; settings = {ATTRIBUTES = (RemoveHeadersOnCopy, ); }; };
		0DD19616081EBF363F117EE5 /* BillableHoursAccessibilityUITests.swift in Sources */ = {isa = PBXBuildFile; fileRef = C6D3A083C66328CC26BC1A70 /* BillableHoursAccessibilityUITests.swift */; };
		11D3A5CD96C45ECDA06FD3D6 /* BillableHoursUITestBootstrap.swift in Sources */ = {isa = PBXBuildFile; fileRef = 092E0B268A85B9C2E382EAF1 /* BillableHoursUITestBootstrap.swift */; };
		141D2E0638E70CC81F7FCF83 /* BillableHoursPersistenceTests.swift in Sources */ = {isa = PBXBuildFile; fileRef = 91028ED76DAA5DC5142065EA /* BillableHoursPersistenceTests.swift */; };
		238E723B49956E2348FF86AF /* ProjectManagementView.swift in Sources */ = {isa = PBXBuildFile; fileRef = 4EE66DC7B5B812FF5D5507DF /* ProjectManagementView.swift */; };
		242A2C4682A446ADBBE4816E /* BillableHoursAppModel.swift in Sources */ = {isa = PBXBuildFile; fileRef = 9014E1D58E830CAA4C61D802 /* BillableHoursAppModel.swift */; };
		308DF86A8F37ED8FC7332525 /* RootView.swift in Sources */ = {isa = PBXBuildFile; fileRef = 3E3F23D4089D3142D0665476 /* RootView.swift */; };
		33153B824A2EEFEC8962CDD3 /* BillableHoursSharedAppIntentsPackage.swift in Sources */ = {isa = PBXBuildFile; fileRef = FF4DEE24534E8DA4602A60CC /* BillableHoursSharedAppIntentsPackage.swift */; };
		395B94599C037E78BFA05655 /* BillableHoursUITests.swift in Sources */ = {isa = PBXBuildFile; fileRef = FE69C122DC3E2B58235E37DA /* BillableHoursUITests.swift */; };
		3BDB793F52BF55D009F523C6 /* BillableHoursPersistence.swift in Sources */ = {isa = PBXBuildFile; fileRef = 6DD9D645B55761803CC85B7E /* BillableHoursPersistence.swift */; };
		3D30796EC45B177735435037 /* SessionRepository.swift in Sources */ = {isa = PBXBuildFile; fileRef = 8FB39FF15B92A2C102AE1171 /* SessionRepository.swift */; };
		428C29B187D58B4CAB123290 /* ReportsView.swift in Sources */ = {isa = PBXBuildFile; fileRef = 53F093DAFCFCD52B999A6C29 /* ReportsView.swift */; };
		47D370CD835147222DC72BE1 /* LiveActivityStopHandoffReconciler.swift in Sources */ = {isa = PBXBuildFile; fileRef = C6A62122A615CB8690D153B4 /* LiveActivityStopHandoffReconciler.swift */; };
		4979A7D78FED7DABA5521F03 /* LiveActivityLifecycleTests.swift in Sources */ = {isa = PBXBuildFile; fileRef = 91E2FF56C982FA5C503681D3 /* LiveActivityLifecycleTests.swift */; };
		4B6F08E9D184EABD4A8082FD /* ReportingEngine.swift in Sources */ = {isa = PBXBuildFile; fileRef = 890A213068536CEF2AFF9AA7 /* ReportingEngine.swift */; };
		4CB18F1EE5E1B8DF1497CCDC /* SessionCommandService.swift in Sources */ = {isa = PBXBuildFile; fileRef = 3103689C8A99A5D90E87EC6D /* SessionCommandService.swift */; };
		517DE46C882F18B7D8E02531 /* ManualSessionEditorView.swift in Sources */ = {isa = PBXBuildFile; fileRef = B096AD46A206A99457A2FFA0 /* ManualSessionEditorView.swift */; };
		52E0DACD8FA83FAA5531A6A6 /* TimerRepository.swift in Sources */ = {isa = PBXBuildFile; fileRef = C00842525ED6A30CF5D767A7 /* TimerRepository.swift */; };
		55AF51A8554824BE8500EB11 /* TimeSessionSnapshot.swift in Sources */ = {isa = PBXBuildFile; fileRef = F4FD5F78ECBD5C71ABC1D018 /* TimeSessionSnapshot.swift */; };
		5BFF8C48470A083EC34C604C /* ProjectRepository.swift in Sources */ = {isa = PBXBuildFile; fileRef = 6CBB16E256CF65B55CDD2303 /* ProjectRepository.swift */; };
		5C39688F6FB48ACF4D019127 /* BillableHoursMigrationPlan.swift in Sources */ = {isa = PBXBuildFile; fileRef = E6D9DC9F3AB00B49E8F923CC /* BillableHoursMigrationPlan.swift */; };
		5E4F4A66EE68A43AEA5637DA /* TimerCommandService.swift in Sources */ = {isa = PBXBuildFile; fileRef = 856A9F2A7AE614E97BA0CFF2 /* TimerCommandService.swift */; };
		60F045D847277897172BB3B3 /* ActiveSessionReconciliationTests.swift in Sources */ = {isa = PBXBuildFile; fileRef = 9BF0F5D8128CB6DA0C368B52 /* ActiveSessionReconciliationTests.swift */; };
		6319DE08ED084E060965D4A9 /* StopBillableTimerIntent.swift in Sources */ = {isa = PBXBuildFile; fileRef = E08D8B83DA6438ED556BCA45 /* StopBillableTimerIntent.swift */; };
		68D4F9BD38A880E9AC34E00D /* TrackView.swift in Sources */ = {isa = PBXBuildFile; fileRef = A4802CA6DE76C73211424CBD /* TrackView.swift */; };
		6B0CBADC52F36FADF371AD92 /* SettingsView.swift in Sources */ = {isa = PBXBuildFile; fileRef = 845554A39637D41FCD98C651 /* SettingsView.swift */; };
		6C0E70B6EFEB8E9735C43981 /* SessionCommandServiceTests.swift in Sources */ = {isa = PBXBuildFile; fileRef = 34FC11333FA2D92A16FE1B14 /* SessionCommandServiceTests.swift */; };
		6D5719BBF25A8589FE172958 /* TimerCommandServiceTests.swift in Sources */ = {isa = PBXBuildFile; fileRef = 4AE598B14280583D50D194BE /* TimerCommandServiceTests.swift */; };
		6E4D8CE9C9F16B4B71BF86D3 /* BillableHoursWidgetBundle.swift in Sources */ = {isa = PBXBuildFile; fileRef = 4D13683B558389F5A10651DB /* BillableHoursWidgetBundle.swift */; };
		7284D4C1414F1273205A8085 /* PrivacyInfo.xcprivacy in Resources */ = {isa = PBXBuildFile; fileRef = CD5FD80A4096C5C5937F0F5D /* PrivacyInfo.xcprivacy */; };
		7892D78230AC58AC578483AF /* AppIntentsPackageTests.swift in Sources */ = {isa = PBXBuildFile; fileRef = C822B900A6611B9CCE1FC82B /* AppIntentsPackageTests.swift */; };
		7E9B005FAFA107817442BFEF /* BillableHoursStopHandoff.swift in Sources */ = {isa = PBXBuildFile; fileRef = 7CA624B6157209EE60D0451F /* BillableHoursStopHandoff.swift */; };
		83B8564290969E99B562DBE7 /* ReportingEngineTests.swift in Sources */ = {isa = PBXBuildFile; fileRef = 95B30DF0193A6E6528309244 /* ReportingEngineTests.swift */; };
		89B4A696B0161B769EC74537 /* ProjectCommandServiceTests.swift in Sources */ = {isa = PBXBuildFile; fileRef = 0EFDA2DC164B7B920B14908B /* ProjectCommandServiceTests.swift */; };
		8A956AD4B41F8EE61F1A7E21 /* BillableHoursApp.swift in Sources */ = {isa = PBXBuildFile; fileRef = 52A7D14C188A51655398A77A /* BillableHoursApp.swift */; };
		8B2BDCBAC17DA19A19588564 /* TimerStopCommandServiceTests.swift in Sources */ = {isa = PBXBuildFile; fileRef = FEAD826BF24172231E23419B /* TimerStopCommandServiceTests.swift */; };
		8B57B7D0B74949B70C0C6835 /* SessionTagCommandService.swift in Sources */ = {isa = PBXBuildFile; fileRef = 99B44454E14C81166A166C0C /* SessionTagCommandService.swift */; };
		8CEDC100577AB5B86BEAAE61 /* LiveActivityLifecycle.swift in Sources */ = {isa = PBXBuildFile; fileRef = 9EA54339D1894D10F6945FA3 /* LiveActivityLifecycle.swift */; };
		936F7E0BD84647E0E772C4CB /* SessionCompletionView.swift in Sources */ = {isa = PBXBuildFile; fileRef = F45BB6E82E25FCAE073D5118 /* SessionCompletionView.swift */; };
		9DD9E20F6B55BD2EDAAEDA08 /* BillableHoursTests.swift in Sources */ = {isa = PBXBuildFile; fileRef = 030CCC876A3551D8CAE34193 /* BillableHoursTests.swift */; };
		A00D62C36780196FB1595693 /* BillableHoursLiveActivityWidget.swift in Sources */ = {isa = PBXBuildFile; fileRef = 334BCB218A560831D2676C43 /* BillableHoursLiveActivityWidget.swift */; };
		ACBD0D9F562890BDE1A467F7 /* SessionReviewView.swift in Sources */ = {isa = PBXBuildFile; fileRef = A9C6586290653436134E8772 /* SessionReviewView.swift */; };
		B321CA27FBB80DE20505A998 /* BillableHoursActivityAttributes.swift in Sources */ = {isa = PBXBuildFile; fileRef = 4587E9DF45E272C4904F031B /* BillableHoursActivityAttributes.swift */; };
		B4607528C1C97001AD17B364 /* SessionCommandModels.swift in Sources */ = {isa = PBXBuildFile; fileRef = 405ED1D0B022CBC958EB754E /* SessionCommandModels.swift */; };
		BA009EC59197026F729447BD /* TimerSwitchCommandServiceTests.swift in Sources */ = {isa = PBXBuildFile; fileRef = E1D5205B3C24056C248C52FA /* TimerSwitchCommandServiceTests.swift */; };
		BC64597FF059688B9595539D /* AppPreferences.swift in Sources */ = {isa = PBXBuildFile; fileRef = F181113FFC5D0DBC75943753 /* AppPreferences.swift */; };
		C173709CA255D9B63E0B4807 /* SessionHistoryView.swift in Sources */ = {isa = PBXBuildFile; fileRef = B276ACF7F8F877EDD4E65BD0 /* SessionHistoryView.swift */; };
		C1E21849F80042073CD0EF83 /* BillableHoursSchemaV2.swift in Sources */ = {isa = PBXBuildFile; fileRef = 3F7C63A3FCF717683815E5DD /* BillableHoursSchemaV2.swift */; };
		C920FE49D06CD35443067F3C /* SessionOverlapDetectorTests.swift in Sources */ = {isa = PBXBuildFile; fileRef = E64A9A4F178A49A946008973 /* SessionOverlapDetectorTests.swift */; };
		CC9D5E5C127FD19BE562270E /* BillableHoursStartup.swift in Sources */ = {isa = PBXBuildFile; fileRef = 64FB78EE1AD375A893D4823B /* BillableHoursStartup.swift */; };
		D5B574ED9D6FD1D61F5758E2 /* ProjectSnapshot.swift in Sources */ = {isa = PBXBuildFile; fileRef = E226CF860F67468F5A7889B0 /* ProjectSnapshot.swift */; };
		D75C1D591AB0F7BF5DA480CF /* BillableHoursAppIntentsPackage.swift in Sources */ = {isa = PBXBuildFile; fileRef = 3D174D51C8F2465BDC17E865 /* BillableHoursAppIntentsPackage.swift */; };
		DA26284CA4608ACC14D8DBE6 /* ProjectCommandService.swift in Sources */ = {isa = PBXBuildFile; fileRef = 769404CA8072DFF5C9950D8A /* ProjectCommandService.swift */; };
		DD55A7FF86AF89AE9ABA5342 /* PrivacyInfo.xcprivacy in Resources */ = {isa = PBXBuildFile; fileRef = FF4CB10E8D95F396C385A4DB /* PrivacyInfo.xcprivacy */; };
		DE5E045CB4E250632DECFFEB /* BillableHoursWidgetsAppIntentsPackage.swift in Sources */ = {isa = PBXBuildFile; fileRef = 524CE68C54A5E4CF2E96862B /* BillableHoursWidgetsAppIntentsPackage.swift */; };
		E4DCEA39DB01A7097E2E926B /* BillableHoursDependencies.swift in Sources */ = {isa = PBXBuildFile; fileRef = 561D301200873C8904E42BAC /* BillableHoursDependencies.swift */; };
		E4F54EC21F59596786DD9414 /* BillableHoursShared.framework in Frameworks */ = {isa = PBXBuildFile; fileRef = 50E2781D26C4F6AEBDB5FB12 /* BillableHoursShared.framework */; };
		E70A53BF41577473D67136A4 /* ReportingInvariantTests.swift in Sources */ = {isa = PBXBuildFile; fileRef = 1B3294D9443923CB13993560 /* ReportingInvariantTests.swift */; };
		E76E4DDEA350E0F07B4C41CB /* SessionTagCommandServiceTests.swift in Sources */ = {isa = PBXBuildFile; fileRef = B9671E8DB910743561826542 /* SessionTagCommandServiceTests.swift */; };
		EA2E61D37B671135A35EBC05 /* DependencyFixtures.swift in Sources */ = {isa = PBXBuildFile; fileRef = 951D276CD6EA861CF4F97B7B /* DependencyFixtures.swift */; };
		EB8ED945EE8AE8D287912951 /* BillableHoursShared.framework in Frameworks */ = {isa = PBXBuildFile; fileRef = 50E2781D26C4F6AEBDB5FB12 /* BillableHoursShared.framework */; };
		EEB94300FCDA8F3742F89A51 /* SessionTagRepository.swift in Sources */ = {isa = PBXBuildFile; fileRef = 6DEE572DDA600252973371EE /* SessionTagRepository.swift */; };
		F26FD4B6FFDAF822459219C7 /* OnboardingView.swift in Sources */ = {isa = PBXBuildFile; fileRef = 0FAFB6E990350E37EC64600A /* OnboardingView.swift */; };
		F407CB148BE36438737B7B8D /* ProjectQueryService.swift in Sources */ = {isa = PBXBuildFile; fileRef = B364B9AE58AE956B38CBD218 /* ProjectQueryService.swift */; };
		FADE16112CD21B1D50A32048 /* PresentationSupport.swift in Sources */ = {isa = PBXBuildFile; fileRef = 8370D02722960E80BAFCCB17 /* PresentationSupport.swift */; };
		FDE573E0E4287086BA4738A7 /* BillableHoursSpikeRecord.swift in Sources */ = {isa = PBXBuildFile; fileRef = 1A164D4EDBC9A53A75E7765B /* BillableHoursSpikeRecord.swift */; };
/* End PBXBuildFile section */

/* Begin PBXContainerItemProxy section */
		2E76A27ECE511BBC8491CFF0 /* PBXContainerItemProxy */ = {
			isa = PBXContainerItemProxy;
			containerPortal = 55CD2D36176885EA5FAAC404 /* Project object */;
			proxyType = 1;
			remoteGlobalIDString = 60B26CA2E81ABA615C72E62A;
			remoteInfo = BillableHours;
		};
		389D6DC7C73D7161CDA47C9D /* PBXContainerItemProxy */ = {
			isa = PBXContainerItemProxy;
			containerPortal = 55CD2D36176885EA5FAAC404 /* Project object */;
			proxyType = 1;
			remoteGlobalIDString = 52A15C9F5F417BB48C14A3CC;
			remoteInfo = BillableHoursShared;
		};
		667DAB2E86D2F6FF22CF428A /* PBXContainerItemProxy */ = {
			isa = PBXContainerItemProxy;
			containerPortal = 55CD2D36176885EA5FAAC404 /* Project object */;
			proxyType = 1;
			remoteGlobalIDString = 6C759C7DC63701D200508514;
			remoteInfo = BillableHoursWidgets;
		};
		83F6AF50744E0D3543DF9C92 /* PBXContainerItemProxy */ = {
			isa = PBXContainerItemProxy;
			containerPortal = 55CD2D36176885EA5FAAC404 /* Project object */;
			proxyType = 1;
			remoteGlobalIDString = 52A15C9F5F417BB48C14A3CC;
			remoteInfo = BillableHoursShared;
		};
		F8D1EE266D80873E3451CED0 /* PBXContainerItemProxy */ = {
			isa = PBXContainerItemProxy;
			containerPortal = 55CD2D36176885EA5FAAC404 /* Project object */;
			proxyType = 1;
			remoteGlobalIDString = 60B26CA2E81ABA615C72E62A;
			remoteInfo = BillableHours;
		};
/* End PBXContainerItemProxy section */

/* Begin PBXCopyFilesBuildPhase section */
		ABBCBD2202EF6E50E138FE12 /* Embed Foundation Extensions */ = {
			isa = PBXCopyFilesBuildPhase;
			buildActionMask = 2147483647;
			dstPath = "";
			dstSubfolderSpec = 13;
			files = (
				0AEA2DC62566105AB75F4FA8 /* BillableHoursWidgets.appex in Embed Foundation Extensions */,
			);
			name = "Embed Foundation Extensions";
			runOnlyForDeploymentPostprocessing = 0;
		};
/* End PBXCopyFilesBuildPhase section */

/* Begin PBXFileReference section */
		01D72F99645AC7FF2B58B951 /* BillableHoursUITests.xctest */ = {isa = PBXFileReference; includeInIndex = 0; lastKnownFileType = wrapper.cfbundle; path = BillableHoursUITests.xctest; sourceTree = BUILT_PRODUCTS_DIR; };
		030CCC876A3551D8CAE34193 /* BillableHoursTests.swift */ = {isa = PBXFileReference; lastKnownFileType = sourcecode.swift; path = BillableHoursTests.swift; sourceTree = "<group>"; };
		092E0B268A85B9C2E382EAF1 /* BillableHoursUITestBootstrap.swift */ = {isa = PBXFileReference; lastKnownFileType = sourcecode.swift; path = BillableHoursUITestBootstrap.swift; sourceTree = "<group>"; };
		0AC38E644BCA49E450BB426B /* BillableHoursDependenciesTests.swift */ = {isa = PBXFileReference; lastKnownFileType = sourcecode.swift; path = BillableHoursDependenciesTests.swift; sourceTree = "<group>"; };
		0EFDA2DC164B7B920B14908B /* ProjectCommandServiceTests.swift */ = {isa = PBXFileReference; lastKnownFileType = sourcecode.swift; path = ProjectCommandServiceTests.swift; sourceTree = "<group>"; };
		0FAFB6E990350E37EC64600A /* OnboardingView.swift */ = {isa = PBXFileReference; lastKnownFileType = sourcecode.swift; path = OnboardingView.swift; sourceTree = "<group>"; };
		17FEE002F27080AC841FBA0D /* SessionOverlapDetector.swift */ = {isa = PBXFileReference; lastKnownFileType = sourcecode.swift; path = SessionOverlapDetector.swift; sourceTree = "<group>"; };
		1A164D4EDBC9A53A75E7765B /* BillableHoursSpikeRecord.swift */ = {isa = PBXFileReference; lastKnownFileType = sourcecode.swift; path = BillableHoursSpikeRecord.swift; sourceTree = "<group>"; };
		1B3294D9443923CB13993560 /* ReportingInvariantTests.swift */ = {isa = PBXFileReference; lastKnownFileType = sourcecode.swift; path = ReportingInvariantTests.swift; sourceTree = "<group>"; };
		23283B4A25B35E88A3C547D1 /* Release.xcconfig */ = {isa = PBXFileReference; lastKnownFileType = text.xcconfig; path = Release.xcconfig; sourceTree = "<group>"; };
		2E50969BF0EAEA8CB45E2B22 /* BillableHoursWidgets.entitlements */ = {isa = PBXFileReference; lastKnownFileType = text.plist.entitlements; path = BillableHoursWidgets.entitlements; sourceTree = "<group>"; };
		3103689C8A99A5D90E87EC6D /* SessionCommandService.swift */ = {isa = PBXFileReference; lastKnownFileType = sourcecode.swift; path = SessionCommandService.swift; sourceTree = "<group>"; };
		334BCB218A560831D2676C43 /* BillableHoursLiveActivityWidget.swift */ = {isa = PBXFileReference; lastKnownFileType = sourcecode.swift; path = BillableHoursLiveActivityWidget.swift; sourceTree = "<group>"; };
		34FC11333FA2D92A16FE1B14 /* SessionCommandServiceTests.swift */ = {isa = PBXFileReference; lastKnownFileType = sourcecode.swift; path = SessionCommandServiceTests.swift; sourceTree = "<group>"; };
		3D174D51C8F2465BDC17E865 /* BillableHoursAppIntentsPackage.swift */ = {isa = PBXFileReference; lastKnownFileType = sourcecode.swift; path = BillableHoursAppIntentsPackage.swift; sourceTree = "<group>"; };
		3E07265E633747F526872415 /* Info.plist */ = {isa = PBXFileReference; lastKnownFileType = text.plist; path = Info.plist; sourceTree = "<group>"; };
		3E3F23D4089D3142D0665476 /* RootView.swift */ = {isa = PBXFileReference; lastKnownFileType = sourcecode.swift; path = RootView.swift; sourceTree = "<group>"; };
		3F7C63A3FCF717683815E5DD /* BillableHoursSchemaV2.swift */ = {isa = PBXFileReference; lastKnownFileType = sourcecode.swift; path = BillableHoursSchemaV2.swift; sourceTree = "<group>"; };
		405ED1D0B022CBC958EB754E /* SessionCommandModels.swift */ = {isa = PBXFileReference; lastKnownFileType = sourcecode.swift; path = SessionCommandModels.swift; sourceTree = "<group>"; };
		4587E9DF45E272C4904F031B /* BillableHoursActivityAttributes.swift */ = {isa = PBXFileReference; lastKnownFileType = sourcecode.swift; path = BillableHoursActivityAttributes.swift; sourceTree = "<group>"; };
		4AE598B14280583D50D194BE /* TimerCommandServiceTests.swift */ = {isa = PBXFileReference; lastKnownFileType = sourcecode.swift; path = TimerCommandServiceTests.swift; sourceTree = "<group>"; };
		4D13683B558389F5A10651DB /* BillableHoursWidgetBundle.swift */ = {isa = PBXFileReference; lastKnownFileType = sourcecode.swift; path = BillableHoursWidgetBundle.swift; sourceTree = "<group>"; };
		4EE66DC7B5B812FF5D5507DF /* ProjectManagementView.swift */ = {isa = PBXFileReference; lastKnownFileType = sourcecode.swift; path = ProjectManagementView.swift; sourceTree = "<group>"; };
		50E2781D26C4F6AEBDB5FB12 /* BillableHoursShared.framework */ = {isa = PBXFileReference; explicitFileType = wrapper.framework; includeInIndex = 0; path = BillableHoursShared.framework; sourceTree = BUILT_PRODUCTS_DIR; };
		524CE68C54A5E4CF2E96862B /* BillableHoursWidgetsAppIntentsPackage.swift */ = {isa = PBXFileReference; lastKnownFileType = sourcecode.swift; path = BillableHoursWidgetsAppIntentsPackage.swift; sourceTree = "<group>"; };
		52A7D14C188A51655398A77A /* BillableHoursApp.swift */ = {isa = PBXFileReference; lastKnownFileType = sourcecode.swift; path = BillableHoursApp.swift; sourceTree = "<group>"; };
		53F093DAFCFCD52B999A6C29 /* ReportsView.swift */ = {isa = PBXFileReference; lastKnownFileType = sourcecode.swift; path = ReportsView.swift; sourceTree = "<group>"; };
		546F4483AF86B489CAF1C14C /* Debug.xcconfig */ = {isa = PBXFileReference; lastKnownFileType = text.xcconfig; path = Debug.xcconfig; sourceTree = "<group>"; };
		561D301200873C8904E42BAC /* BillableHoursDependencies.swift */ = {isa = PBXFileReference; lastKnownFileType = sourcecode.swift; path = BillableHoursDependencies.swift; sourceTree = "<group>"; };
		64FB78EE1AD375A893D4823B /* BillableHoursStartup.swift */ = {isa = PBXFileReference; lastKnownFileType = sourcecode.swift; path = BillableHoursStartup.swift; sourceTree = "<group>"; };
		66CA907B71C4E97F53FFC0DF /* BillableHoursSchemaV1.swift */ = {isa = PBXFileReference; lastKnownFileType = sourcecode.swift; path = BillableHoursSchemaV1.swift; sourceTree = "<group>"; };
		6CBB16E256CF65B55CDD2303 /* ProjectRepository.swift */ = {isa = PBXFileReference; lastKnownFileType = sourcecode.swift; path = ProjectRepository.swift; sourceTree = "<group>"; };
		6DD9D645B55761803CC85B7E /* BillableHoursPersistence.swift */ = {isa = PBXFileReference; lastKnownFileType = sourcecode.swift; path = BillableHoursPersistence.swift; sourceTree = "<group>"; };
		6DEE572DDA600252973371EE /* SessionTagRepository.swift */ = {isa = PBXFileReference; lastKnownFileType = sourcecode.swift; path = SessionTagRepository.swift; sourceTree = "<group>"; };
		6E9B4D995CD2B827D1E456EA /* SessionTagSnapshot.swift */ = {isa = PBXFileReference; lastKnownFileType = sourcecode.swift; path = SessionTagSnapshot.swift; sourceTree = "<group>"; };
		769404CA8072DFF5C9950D8A /* ProjectCommandService.swift */ = {isa = PBXFileReference; lastKnownFileType = sourcecode.swift; path = ProjectCommandService.swift; sourceTree = "<group>"; };
		7CA624B6157209EE60D0451F /* BillableHoursStopHandoff.swift */ = {isa = PBXFileReference; lastKnownFileType = sourcecode.swift; path = BillableHoursStopHandoff.swift; sourceTree = "<group>"; };
		8370D02722960E80BAFCCB17 /* PresentationSupport.swift */ = {isa = PBXFileReference; lastKnownFileType = sourcecode.swift; path = PresentationSupport.swift; sourceTree = "<group>"; };
		845554A39637D41FCD98C651 /* SettingsView.swift */ = {isa = PBXFileReference; lastKnownFileType = sourcecode.swift; path = SettingsView.swift; sourceTree = "<group>"; };
		856A9F2A7AE614E97BA0CFF2 /* TimerCommandService.swift */ = {isa = PBXFileReference; lastKnownFileType = sourcecode.swift; path = TimerCommandService.swift; sourceTree = "<group>"; };
		890A213068536CEF2AFF9AA7 /* ReportingEngine.swift */ = {isa = PBXFileReference; lastKnownFileType = sourcecode.swift; path = ReportingEngine.swift; sourceTree = "<group>"; };
		8FB39FF15B92A2C102AE1171 /* SessionRepository.swift */ = {isa = PBXFileReference; lastKnownFileType = sourcecode.swift; path = SessionRepository.swift; sourceTree = "<group>"; };
		9014E1D58E830CAA4C61D802 /* BillableHoursAppModel.swift */ = {isa = PBXFileReference; lastKnownFileType = sourcecode.swift; path = BillableHoursAppModel.swift; sourceTree = "<group>"; };
		91028ED76DAA5DC5142065EA /* BillableHoursPersistenceTests.swift */ = {isa = PBXFileReference; lastKnownFileType = sourcecode.swift; path = BillableHoursPersistenceTests.swift; sourceTree = "<group>"; };
		91E2FF56C982FA5C503681D3 /* LiveActivityLifecycleTests.swift */ = {isa = PBXFileReference; lastKnownFileType = sourcecode.swift; path = LiveActivityLifecycleTests.swift; sourceTree = "<group>"; };
		921ED2466DCA8D87136093EA /* BillableHours.entitlements */ = {isa = PBXFileReference; lastKnownFileType = text.plist.entitlements; path = BillableHours.entitlements; sourceTree = "<group>"; };
		951D276CD6EA861CF4F97B7B /* DependencyFixtures.swift */ = {isa = PBXFileReference; lastKnownFileType = sourcecode.swift; path = DependencyFixtures.swift; sourceTree = "<group>"; };
		95B30DF0193A6E6528309244 /* ReportingEngineTests.swift */ = {isa = PBXFileReference; lastKnownFileType = sourcecode.swift; path = ReportingEngineTests.swift; sourceTree = "<group>"; };
		99B44454E14C81166A166C0C /* SessionTagCommandService.swift */ = {isa = PBXFileReference; lastKnownFileType = sourcecode.swift; path = SessionTagCommandService.swift; sourceTree = "<group>"; };
		9BF0F5D8128CB6DA0C368B52 /* ActiveSessionReconciliationTests.swift */ = {isa = PBXFileReference; lastKnownFileType = sourcecode.swift; path = ActiveSessionReconciliationTests.swift; sourceTree = "<group>"; };
		9EA54339D1894D10F6945FA3 /* LiveActivityLifecycle.swift */ = {isa = PBXFileReference; lastKnownFileType = sourcecode.swift; path = LiveActivityLifecycle.swift; sourceTree = "<group>"; };
		A4802CA6DE76C73211424CBD /* TrackView.swift */ = {isa = PBXFileReference; lastKnownFileType = sourcecode.swift; path = TrackView.swift; sourceTree = "<group>"; };
		A9C6586290653436134E8772 /* SessionReviewView.swift */ = {isa = PBXFileReference; lastKnownFileType = sourcecode.swift; path = SessionReviewView.swift; sourceTree = "<group>"; };
		B096AD46A206A99457A2FFA0 /* ManualSessionEditorView.swift */ = {isa = PBXFileReference; lastKnownFileType = sourcecode.swift; path = ManualSessionEditorView.swift; sourceTree = "<group>"; };
		B276ACF7F8F877EDD4E65BD0 /* SessionHistoryView.swift */ = {isa = PBXFileReference; lastKnownFileType = sourcecode.swift; path = SessionHistoryView.swift; sourceTree = "<group>"; };
		B364B9AE58AE956B38CBD218 /* ProjectQueryService.swift */ = {isa = PBXFileReference; lastKnownFileType = sourcecode.swift; path = ProjectQueryService.swift; sourceTree = "<group>"; };
		B9671E8DB910743561826542 /* SessionTagCommandServiceTests.swift */ = {isa = PBXFileReference; lastKnownFileType = sourcecode.swift; path = SessionTagCommandServiceTests.swift; sourceTree = "<group>"; };
		C00842525ED6A30CF5D767A7 /* TimerRepository.swift */ = {isa = PBXFileReference; lastKnownFileType = sourcecode.swift; path = TimerRepository.swift; sourceTree = "<group>"; };
		C6A62122A615CB8690D153B4 /* LiveActivityStopHandoffReconciler.swift */ = {isa = PBXFileReference; lastKnownFileType = sourcecode.swift; path = LiveActivityStopHandoffReconciler.swift; sourceTree = "<group>"; };
		C6D3A083C66328CC26BC1A70 /* BillableHoursAccessibilityUITests.swift */ = {isa = PBXFileReference; lastKnownFileType = sourcecode.swift; path = BillableHoursAccessibilityUITests.swift; sourceTree = "<group>"; };
		C822B900A6611B9CCE1FC82B /* AppIntentsPackageTests.swift */ = {isa = PBXFileReference; lastKnownFileType = sourcecode.swift; path = AppIntentsPackageTests.swift; sourceTree = "<group>"; };
		CD5FD80A4096C5C5937F0F5D /* PrivacyInfo.xcprivacy */ = {isa = PBXFileReference; path = PrivacyInfo.xcprivacy; sourceTree = "<group>"; };
		CEC76530627D2BE20417CBB2 /* BillableHoursTests.xctest */ = {isa = PBXFileReference; includeInIndex = 0; lastKnownFileType = wrapper.cfbundle; path = BillableHoursTests.xctest; sourceTree = BUILT_PRODUCTS_DIR; };
		DBD121CA06796FB3FFED4F3A /* BillableHours.app */ = {isa = PBXFileReference; includeInIndex = 0; lastKnownFileType = wrapper.application; path = BillableHours.app; sourceTree = BUILT_PRODUCTS_DIR; };
		E08D8B83DA6438ED556BCA45 /* StopBillableTimerIntent.swift */ = {isa = PBXFileReference; lastKnownFileType = sourcecode.swift; path = StopBillableTimerIntent.swift; sourceTree = "<group>"; };
		E1D5205B3C24056C248C52FA /* TimerSwitchCommandServiceTests.swift */ = {isa = PBXFileReference; lastKnownFileType = sourcecode.swift; path = TimerSwitchCommandServiceTests.swift; sourceTree = "<group>"; };
		E226CF860F67468F5A7889B0 /* ProjectSnapshot.swift */ = {isa = PBXFileReference; lastKnownFileType = sourcecode.swift; path = ProjectSnapshot.swift; sourceTree = "<group>"; };
		E64A9A4F178A49A946008973 /* SessionOverlapDetectorTests.swift */ = {isa = PBXFileReference; lastKnownFileType = sourcecode.swift; path = SessionOverlapDetectorTests.swift; sourceTree = "<group>"; };
		E6D9DC9F3AB00B49E8F923CC /* BillableHoursMigrationPlan.swift */ = {isa = PBXFileReference; lastKnownFileType = sourcecode.swift; path = BillableHoursMigrationPlan.swift; sourceTree = "<group>"; };
		E9322E055DDBDD055DF699CE /* Info.plist */ = {isa = PBXFileReference; lastKnownFileType = text.plist; path = Info.plist; sourceTree = "<group>"; };
		ED7EC2C12BB66F5BBC85C570 /* BillableHoursWidgets.appex */ = {isa = PBXFileReference; includeInIndex = 0; lastKnownFileType = "wrapper.app-extension"; path = BillableHoursWidgets.appex; sourceTree = BUILT_PRODUCTS_DIR; };
		F181113FFC5D0DBC75943753 /* AppPreferences.swift */ = {isa = PBXFileReference; lastKnownFileType = sourcecode.swift; path = AppPreferences.swift; sourceTree = "<group>"; };
		F45BB6E82E25FCAE073D5118 /* SessionCompletionView.swift */ = {isa = PBXFileReference; lastKnownFileType = sourcecode.swift; path = SessionCompletionView.swift; sourceTree = "<group>"; };
		F4FD5F78ECBD5C71ABC1D018 /* TimeSessionSnapshot.swift */ = {isa = PBXFileReference; lastKnownFileType = sourcecode.swift; path = TimeSessionSnapshot.swift; sourceTree = "<group>"; };
		FE69C122DC3E2B58235E37DA /* BillableHoursUITests.swift */ = {isa = PBXFileReference; lastKnownFileType = sourcecode.swift; path = BillableHoursUITests.swift; sourceTree = "<group>"; };
		FEAD826BF24172231E23419B /* TimerStopCommandServiceTests.swift */ = {isa = PBXFileReference; lastKnownFileType = sourcecode.swift; path = TimerStopCommandServiceTests.swift; sourceTree = "<group>"; };
		FF4CB10E8D95F396C385A4DB /* PrivacyInfo.xcprivacy */ = {isa = PBXFileReference; path = PrivacyInfo.xcprivacy; sourceTree = "<group>"; };
		FF4DEE24534E8DA4602A60CC /* BillableHoursSharedAppIntentsPackage.swift */ = {isa = PBXFileReference; lastKnownFileType = sourcecode.swift; path = BillableHoursSharedAppIntentsPackage.swift; sourceTree = "<group>"; };
/* End PBXFileReference section */

/* Begin PBXFrameworksBuildPhase section */
		D88D5EFD4284F60B5A2488CA /* Frameworks */ = {
			isa = PBXFrameworksBuildPhase;
			buildActionMask = 2147483647;
			files = (
				EB8ED945EE8AE8D287912951 /* BillableHoursShared.framework in Frameworks */,
			);
			runOnlyForDeploymentPostprocessing = 0;
		};
		EEE4E07F9B95DC627D4B290C /* Frameworks */ = {
			isa = PBXFrameworksBuildPhase;
			buildActionMask = 2147483647;
			files = (
				E4F54EC21F59596786DD9414 /* BillableHoursShared.framework in Frameworks */,
			);
			runOnlyForDeploymentPostprocessing = 0;
		};
/* End PBXFrameworksBuildPhase section */

/* Begin PBXGroup section */
		0078392809DBEA1D2DA272C2 /* Navigation */ = {
			isa = PBXGroup;
			children = (
				3E3F23D4089D3142D0665476 /* RootView.swift */,
			);
			path = Navigation;
			sourceTree = "<group>";
		};
		01A21B1A3110874133635E03 /* Features */ = {
			isa = PBXGroup;
			children = (
				65CE1288DB1C2C5384EB1DAC /* Onboarding */,
				B5387B72E496C7588E0D68A1 /* Projects */,
				E8B67B75642EEAFE0F4F2441 /* Reports */,
				D9B0C16BA10DB8FCF4A70C1E /* SessionCompletion */,
				A01C5CDA03AB929488EBF3CB /* SessionEditor */,
				5D3386080EB45A595F4EE0AA /* Settings */,
				D7C07385CBE7B196D87261B3 /* Shared */,
				2812AA7ED2BBAB1BEFAC8DD7 /* Track */,
			);
			path = Features;
			sourceTree = "<group>";
		};
		13E90077498AEEF2A7EB5AE3 /* LiveActivity */ = {
			isa = PBXGroup;
			children = (
				C822B900A6611B9CCE1FC82B /* AppIntentsPackageTests.swift */,
				91E2FF56C982FA5C503681D3 /* LiveActivityLifecycleTests.swift */,
			);
			path = LiveActivity;
			sourceTree = "<group>";
		};
		15B41229D2DF7FDDE37C3765 /* Migrations */ = {
			isa = PBXGroup;
			children = (
				E6D9DC9F3AB00B49E8F923CC /* BillableHoursMigrationPlan.swift */,
			);
			path = Migrations;
			sourceTree = "<group>";
		};
		1626EC63A75A837645901725 /* Projects */ = {
			isa = PBXGroup;
			children = (
				0EFDA2DC164B7B920B14908B /* ProjectCommandServiceTests.swift */,
			);
			path = Projects;
			sourceTree = "<group>";
		};
		16C40740E2617C32818911B8 /* Sessions */ = {
			isa = PBXGroup;
			children = (
				34FC11333FA2D92A16FE1B14 /* SessionCommandServiceTests.swift */,
				E64A9A4F178A49A946008973 /* SessionOverlapDetectorTests.swift */,
				B9671E8DB910743561826542 /* SessionTagCommandServiceTests.swift */,
			);
			path = Sessions;
			sourceTree = "<group>";
		};
		1B7820307CAABC0515C57DA4 /* Resources */ = {
			isa = PBXGroup;
			children = (
				921ED2466DCA8D87136093EA /* BillableHours.entitlements */,
				E9322E055DDBDD055DF699CE /* Info.plist */,
				CD5FD80A4096C5C5937F0F5D /* PrivacyInfo.xcprivacy */,
			);
			path = Resources;
			sourceTree = "<group>";
		};
		1D683CA62AA29CD37F09EAF5 /* Products */ = {
			isa = PBXGroup;
			children = (
				DBD121CA06796FB3FFED4F3A /* BillableHours.app */,
				50E2781D26C4F6AEBDB5FB12 /* BillableHoursShared.framework */,
				CEC76530627D2BE20417CBB2 /* BillableHoursTests.xctest */,
				01D72F99645AC7FF2B58B951 /* BillableHoursUITests.xctest */,
				ED7EC2C12BB66F5BBC85C570 /* BillableHoursWidgets.appex */,
			);
			name = Products;
			sourceTree = "<group>";
		};
		2812AA7ED2BBAB1BEFAC8DD7 /* Track */ = {
			isa = PBXGroup;
			children = (
				A4802CA6DE76C73211424CBD /* TrackView.swift */,
			);
			path = Track;
			sourceTree = "<group>";
		};
		389F776FCA7F4F8BAED39E6F /* AppEnvironment */ = {
			isa = PBXGroup;
			children = (
				F181113FFC5D0DBC75943753 /* AppPreferences.swift */,
				9014E1D58E830CAA4C61D802 /* BillableHoursAppModel.swift */,
			);
			path = AppEnvironment;
			sourceTree = "<group>";
		};
		475B37950A5727FE16D8C36F /* Data */ = {
			isa = PBXGroup;
			children = (
				15B41229D2DF7FDDE37C3765 /* Migrations */,
				F4BDAE43E65D69D698328AB5 /* Repositories */,
				D9441968FD24A773FCE5DF5F /* SwiftDataModels */,
			);
			path = Data;
			sourceTree = "<group>";
		};
		4F5FEDF5A9944CDDFF70D00E /* Reporting */ = {
			isa = PBXGroup;
			children = (
				890A213068536CEF2AFF9AA7 /* ReportingEngine.swift */,
			);
			path = Reporting;
			sourceTree = "<group>";
		};
		5322110B2055336053DB07B5 /* BillableHoursTests */ = {
			isa = PBXGroup;
			children = (
				DA5B7AB21F664C1D54AAE7E3 /* Dependencies */,
				13E90077498AEEF2A7EB5AE3 /* LiveActivity */,
				9A2B9FB89777D8323E64A6E0 /* Persistence */,
				1626EC63A75A837645901725 /* Projects */,
				8C14C08ADC47D37331B430E6 /* Reporting */,
				16C40740E2617C32818911B8 /* Sessions */,
				F780B95C5E9B2B24FF20F0FB /* Support */,
				9121FFBECF56C5BAE5000E55 /* Timer */,
				030CCC876A3551D8CAE34193 /* BillableHoursTests.swift */,
			);
			path = BillableHoursTests;
			sourceTree = "<group>";
		};
		59C60B219F13740BCC8948F2 /* LiveActivity */ = {
			isa = PBXGroup;
			children = (
				4587E9DF45E272C4904F031B /* BillableHoursActivityAttributes.swift */,
				FF4DEE24534E8DA4602A60CC /* BillableHoursSharedAppIntentsPackage.swift */,
				1A164D4EDBC9A53A75E7765B /* BillableHoursSpikeRecord.swift */,
				7CA624B6157209EE60D0451F /* BillableHoursStopHandoff.swift */,
				E08D8B83DA6438ED556BCA45 /* StopBillableTimerIntent.swift */,
			);
			path = LiveActivity;
			sourceTree = "<group>";
		};
		59C6AA4C2D19E390B655FEB9 /* Commands */ = {
			isa = PBXGroup;
			children = (
				769404CA8072DFF5C9950D8A /* ProjectCommandService.swift */,
				B364B9AE58AE956B38CBD218 /* ProjectQueryService.swift */,
				3103689C8A99A5D90E87EC6D /* SessionCommandService.swift */,
				99B44454E14C81166A166C0C /* SessionTagCommandService.swift */,
				856A9F2A7AE614E97BA0CFF2 /* TimerCommandService.swift */,
			);
			path = Commands;
			sourceTree = "<group>";
		};
		5D3386080EB45A595F4EE0AA /* Settings */ = {
			isa = PBXGroup;
			children = (
				845554A39637D41FCD98C651 /* SettingsView.swift */,
			);
			path = Settings;
			sourceTree = "<group>";
		};
		60E57035B77459FC46B2C0A3 /* LiveActivity */ = {
			isa = PBXGroup;
			children = (
				9EA54339D1894D10F6945FA3 /* LiveActivityLifecycle.swift */,
				C6A62122A615CB8690D153B4 /* LiveActivityStopHandoffReconciler.swift */,
			);
			path = LiveActivity;
			sourceTree = "<group>";
		};
		65CE1288DB1C2C5384EB1DAC /* Onboarding */ = {
			isa = PBXGroup;
			children = (
				0FAFB6E990350E37EC64600A /* OnboardingView.swift */,
			);
			path = Onboarding;
			sourceTree = "<group>";
		};
		6CF5D33B90B33A7BCAC58CC2 /* Integrations */ = {
			isa = PBXGroup;
			children = (
				60E57035B77459FC46B2C0A3 /* LiveActivity */,
			);
			path = Integrations;
			sourceTree = "<group>";
		};
		8C14C08ADC47D37331B430E6 /* Reporting */ = {
			isa = PBXGroup;
			children = (
				95B30DF0193A6E6528309244 /* ReportingEngineTests.swift */,
				1B3294D9443923CB13993560 /* ReportingInvariantTests.swift */,
			);
			path = Reporting;
			sourceTree = "<group>";
		};
		8C1DC957B30E0B6569688963 /* Dependencies */ = {
			isa = PBXGroup;
			children = (
				561D301200873C8904E42BAC /* BillableHoursDependencies.swift */,
			);
			path = Dependencies;
			sourceTree = "<group>";
		};
		8E3EF9B76DCA368BA8C6A2E8 /* BillableHoursWidgets */ = {
			isa = PBXGroup;
			children = (
				334BCB218A560831D2676C43 /* BillableHoursLiveActivityWidget.swift */,
				4D13683B558389F5A10651DB /* BillableHoursWidgetBundle.swift */,
				2E50969BF0EAEA8CB45E2B22 /* BillableHoursWidgets.entitlements */,
				524CE68C54A5E4CF2E96862B /* BillableHoursWidgetsAppIntentsPackage.swift */,
				3E07265E633747F526872415 /* Info.plist */,
				FF4CB10E8D95F396C385A4DB /* PrivacyInfo.xcprivacy */,
			);
			path = BillableHoursWidgets;
			sourceTree = "<group>";
		};
		8F1D7C63BDFBEB6861B29D6D /* BillableHoursShared */ = {
			isa = PBXGroup;
			children = (
				59C60B219F13740BCC8948F2 /* LiveActivity */,
			);
			path = BillableHoursShared;
			sourceTree = "<group>";
		};
		9121FFBECF56C5BAE5000E55 /* Timer */ = {
			isa = PBXGroup;
			children = (
				9BF0F5D8128CB6DA0C368B52 /* ActiveSessionReconciliationTests.swift */,
				4AE598B14280583D50D194BE /* TimerCommandServiceTests.swift */,
				FEAD826BF24172231E23419B /* TimerStopCommandServiceTests.swift */,
				E1D5205B3C24056C248C52FA /* TimerSwitchCommandServiceTests.swift */,
			);
			path = Timer;
			sourceTree = "<group>";
		};
		9A2B9FB89777D8323E64A6E0 /* Persistence */ = {
			isa = PBXGroup;
			children = (
				91028ED76DAA5DC5142065EA /* BillableHoursPersistenceTests.swift */,
			);
			path = Persistence;
			sourceTree = "<group>";
		};
		A01C5CDA03AB929488EBF3CB /* SessionEditor */ = {
			isa = PBXGroup;
			children = (
				B096AD46A206A99457A2FFA0 /* ManualSessionEditorView.swift */,
				B276ACF7F8F877EDD4E65BD0 /* SessionHistoryView.swift */,
				A9C6586290653436134E8772 /* SessionReviewView.swift */,
			);
			path = SessionEditor;
			sourceTree = "<group>";
		};
		B0C68DB916E59FBFFF2D0633 /* Startup */ = {
			isa = PBXGroup;
			children = (
				64FB78EE1AD375A893D4823B /* BillableHoursStartup.swift */,
				092E0B268A85B9C2E382EAF1 /* BillableHoursUITestBootstrap.swift */,
			);
			path = Startup;
			sourceTree = "<group>";
		};
		B0C8330A6BB584E59213D649 /* Models */ = {
			isa = PBXGroup;
			children = (
				E226CF860F67468F5A7889B0 /* ProjectSnapshot.swift */,
				405ED1D0B022CBC958EB754E /* SessionCommandModels.swift */,
				6E9B4D995CD2B827D1E456EA /* SessionTagSnapshot.swift */,
				F4FD5F78ECBD5C71ABC1D018 /* TimeSessionSnapshot.swift */,
			);
			path = Models;
			sourceTree = "<group>";
		};
		B5387B72E496C7588E0D68A1 /* Projects */ = {
			isa = PBXGroup;
			children = (
				4EE66DC7B5B812FF5D5507DF /* ProjectManagementView.swift */,
			);
			path = Projects;
			sourceTree = "<group>";
		};
		C0EB86849CE116E41029CFF8 /* Domain */ = {
			isa = PBXGroup;
			children = (
				59C6AA4C2D19E390B655FEB9 /* Commands */,
				B0C8330A6BB584E59213D649 /* Models */,
				4F5FEDF5A9944CDDFF70D00E /* Reporting */,
				DA643621035A6DFCECD1080B /* Validation */,
			);
			path = Domain;
			sourceTree = "<group>";
		};
		C6D366B1C183953C79250639 /* BillableHoursApp */ = {
			isa = PBXGroup;
			children = (
				F0F6BA6EEC0E3E4B2B2189EC /* App */,
				475B37950A5727FE16D8C36F /* Data */,
				C0EB86849CE116E41029CFF8 /* Domain */,
				01A21B1A3110874133635E03 /* Features */,
				6CF5D33B90B33A7BCAC58CC2 /* Integrations */,
				1B7820307CAABC0515C57DA4 /* Resources */,
			);
			path = BillableHoursApp;
			sourceTree = "<group>";
		};
		CC62CC4DCC3538F2C6F3FB90 /* BillableHoursUITests */ = {
			isa = PBXGroup;
			children = (
				C6D3A083C66328CC26BC1A70 /* BillableHoursAccessibilityUITests.swift */,
				FE69C122DC3E2B58235E37DA /* BillableHoursUITests.swift */,
			);
			path = BillableHoursUITests;
			sourceTree = "<group>";
		};
		D7C07385CBE7B196D87261B3 /* Shared */ = {
			isa = PBXGroup;
			children = (
				8370D02722960E80BAFCCB17 /* PresentationSupport.swift */,
			);
			path = Shared;
			sourceTree = "<group>";
		};
		D9441968FD24A773FCE5DF5F /* SwiftDataModels */ = {
			isa = PBXGroup;
			children = (
				66CA907B71C4E97F53FFC0DF /* BillableHoursSchemaV1.swift */,
				3F7C63A3FCF717683815E5DD /* BillableHoursSchemaV2.swift */,
			);
			path = SwiftDataModels;
			sourceTree = "<group>";
		};
		D9B0C16BA10DB8FCF4A70C1E /* SessionCompletion */ = {
			isa = PBXGroup;
			children = (
				F45BB6E82E25FCAE073D5118 /* SessionCompletionView.swift */,
			);
			path = SessionCompletion;
			sourceTree = "<group>";
		};
		DA5B7AB21F664C1D54AAE7E3 /* Dependencies */ = {
			isa = PBXGroup;
			children = (
				0AC38E644BCA49E450BB426B /* BillableHoursDependenciesTests.swift */,
			);
			path = Dependencies;
			sourceTree = "<group>";
		};
		DA643621035A6DFCECD1080B /* Validation */ = {
			isa = PBXGroup;
			children = (
				17FEE002F27080AC841FBA0D /* SessionOverlapDetector.swift */,
			);
			path = Validation;
			sourceTree = "<group>";
		};
		DAADBA4FB487AACE623A7951 /* Configurations */ = {
			isa = PBXGroup;
			children = (
				546F4483AF86B489CAF1C14C /* Debug.xcconfig */,
				23283B4A25B35E88A3C547D1 /* Release.xcconfig */,
			);
			path = Configurations;
			sourceTree = "<group>";
		};
		E8B67B75642EEAFE0F4F2441 /* Reports */ = {
			isa = PBXGroup;
			children = (
				53F093DAFCFCD52B999A6C29 /* ReportsView.swift */,
			);
			path = Reports;
			sourceTree = "<group>";
		};
		F0F6BA6EEC0E3E4B2B2189EC /* App */ = {
			isa = PBXGroup;
			children = (
				389F776FCA7F4F8BAED39E6F /* AppEnvironment */,
				8C1DC957B30E0B6569688963 /* Dependencies */,
				0078392809DBEA1D2DA272C2 /* Navigation */,
				B0C68DB916E59FBFFF2D0633 /* Startup */,
				52A7D14C188A51655398A77A /* BillableHoursApp.swift */,
				3D174D51C8F2465BDC17E865 /* BillableHoursAppIntentsPackage.swift */,
			);
			path = App;
			sourceTree = "<group>";
		};
		F4BDAE43E65D69D698328AB5 /* Repositories */ = {
			isa = PBXGroup;
			children = (
				6DD9D645B55761803CC85B7E /* BillableHoursPersistence.swift */,
				6CBB16E256CF65B55CDD2303 /* ProjectRepository.swift */,
				8FB39FF15B92A2C102AE1171 /* SessionRepository.swift */,
				6DEE572DDA600252973371EE /* SessionTagRepository.swift */,
				C00842525ED6A30CF5D767A7 /* TimerRepository.swift */,
			);
			path = Repositories;
			sourceTree = "<group>";
		};
		F780B95C5E9B2B24FF20F0FB /* Support */ = {
			isa = PBXGroup;
			children = (
				951D276CD6EA861CF4F97B7B /* DependencyFixtures.swift */,
			);
			path = Support;
			sourceTree = "<group>";
		};
		FC6455C34E2DB80E28E533A6 = {
			isa = PBXGroup;
			children = (
				C6D366B1C183953C79250639 /* BillableHoursApp */,
				8F1D7C63BDFBEB6861B29D6D /* BillableHoursShared */,
				5322110B2055336053DB07B5 /* BillableHoursTests */,
				CC62CC4DCC3538F2C6F3FB90 /* BillableHoursUITests */,
				8E3EF9B76DCA368BA8C6A2E8 /* BillableHoursWidgets */,
				DAADBA4FB487AACE623A7951 /* Configurations */,
				1D683CA62AA29CD37F09EAF5 /* Products */,
			);
			sourceTree = "<group>";
		};
/* End PBXGroup section */

/* Begin PBXNativeTarget section */
		52A15C9F5F417BB48C14A3CC /* BillableHoursShared */ = {
			isa = PBXNativeTarget;
			buildConfigurationList = 17EA9EA5D555F017643C31AE /* Build configuration list for PBXNativeTarget "BillableHoursShared" */;
			buildPhases = (
				ABE0F6F9AA58F929BE9E3E7C /* Sources */,
			);
			buildRules = (
			);
			dependencies = (
			);
			name = BillableHoursShared;
			packageProductDependencies = (
			);
			productName = BillableHoursShared;
			productReference = 50E2781D26C4F6AEBDB5FB12 /* BillableHoursShared.framework */;
			productType = "com.apple.product-type.framework";
		};
		60B26CA2E81ABA615C72E62A /* BillableHours */ = {
			isa = PBXNativeTarget;
			buildConfigurationList = 768EE5B32B7DC92D83417944 /* Build configuration list for PBXNativeTarget "BillableHours" */;
			buildPhases = (
				5B1F6E70CC55D97AB13E3B72 /* Sources */,
				5AB289A60BB608E83B440CA5 /* Resources */,
				D88D5EFD4284F60B5A2488CA /* Frameworks */,
				ABBCBD2202EF6E50E138FE12 /* Embed Foundation Extensions */,
			);
			buildRules = (
			);
			dependencies = (
				84FFBDB30C2068A572B37199 /* PBXTargetDependency */,
				3A7CB5E4908CB4857426EE63 /* PBXTargetDependency */,
			);
			name = BillableHours;
			packageProductDependencies = (
			);
			productName = BillableHours;
			productReference = DBD121CA06796FB3FFED4F3A /* BillableHours.app */;
			productType = "com.apple.product-type.application";
		};
		6C759C7DC63701D200508514 /* BillableHoursWidgets */ = {
			isa = PBXNativeTarget;
			buildConfigurationList = CD1BE4F03613631557E4D697 /* Build configuration list for PBXNativeTarget "BillableHoursWidgets" */;
			buildPhases = (
				EE0C6B7CF763DF4CF28B9724 /* Sources */,
				17E0A281FDF42B78ACEC69A4 /* Resources */,
				EEE4E07F9B95DC627D4B290C /* Frameworks */,
			);
			buildRules = (
			);
			dependencies = (
				B636B83A7D59FC16B5B62F2E /* PBXTargetDependency */,
			);
			name = BillableHoursWidgets;
			packageProductDependencies = (
			);
			productName = BillableHoursWidgets;
			productReference = ED7EC2C12BB66F5BBC85C570 /* BillableHoursWidgets.appex */;
			productType = "com.apple.product-type.app-extension";
		};
		CD1377B3F9AE99F2D85B2820 /* BillableHoursTests */ = {
			isa = PBXNativeTarget;
			buildConfigurationList = 451E66F4B83D2D1C8DCDFB8A /* Build configuration list for PBXNativeTarget "BillableHoursTests" */;
			buildPhases = (
				99898B0C4B35B61A7EACD812 /* Sources */,
			);
			buildRules = (
			);
			dependencies = (
				907AA7AEBFFFCEA13269FB42 /* PBXTargetDependency */,
			);
			name = BillableHoursTests;
			packageProductDependencies = (
			);
			productName = BillableHoursTests;
			productReference = CEC76530627D2BE20417CBB2 /* BillableHoursTests.xctest */;
			productType = "com.apple.product-type.bundle.unit-test";
		};
		EFB1750EC6F6563A12EA825E /* BillableHoursUITests */ = {
			isa = PBXNativeTarget;
			buildConfigurationList = 8CF7DAE150AF4F001E527354 /* Build configuration list for PBXNativeTarget "BillableHoursUITests" */;
			buildPhases = (
				BA58E8C2AAE44E4A439539E0 /* Sources */,
			);
			buildRules = (
			);
			dependencies = (
				B319C5884D6945D97B112FE0 /* PBXTargetDependency */,
			);
			name = BillableHoursUITests;
			packageProductDependencies = (
			);
			productName = BillableHoursUITests;
			productReference = 01D72F99645AC7FF2B58B951 /* BillableHoursUITests.xctest */;
			productType = "com.apple.product-type.bundle.ui-testing";
		};
/* End PBXNativeTarget section */

/* Begin PBXProject section */
		55CD2D36176885EA5FAAC404 /* Project object */ = {
			isa = PBXProject;
			attributes = {
				BuildIndependentTargetsInParallel = YES;
				LastUpgradeCheck = 1430;
				TargetAttributes = {
					52A15C9F5F417BB48C14A3CC = {
						DevelopmentTeam = 68LEY459MW;
					};
					60B26CA2E81ABA615C72E62A = {
						DevelopmentTeam = 68LEY459MW;
						ProvisioningStyle = Automatic;
					};
					6C759C7DC63701D200508514 = {
						DevelopmentTeam = 68LEY459MW;
						ProvisioningStyle = Automatic;
					};
					CD1377B3F9AE99F2D85B2820 = {
						DevelopmentTeam = 68LEY459MW;
					};
					EFB1750EC6F6563A12EA825E = {
						DevelopmentTeam = 68LEY459MW;
						TestTargetID = 60B26CA2E81ABA615C72E62A;
					};
				};
			};
			buildConfigurationList = 43963AA9E6F6D369E776C64F /* Build configuration list for PBXProject "BillableHours" */;
			developmentRegion = en;
			hasScannedForEncodings = 0;
			knownRegions = (
				Base,
				en,
			);
			mainGroup = FC6455C34E2DB80E28E533A6;
			minimizedProjectReferenceProxies = 1;
			preferredProjectObjectVersion = 77;
			productRefGroup = 1D683CA62AA29CD37F09EAF5 /* Products */;
			projectDirPath = "";
			projectRoot = "";
			targets = (
				60B26CA2E81ABA615C72E62A /* BillableHours */,
				52A15C9F5F417BB48C14A3CC /* BillableHoursShared */,
				CD1377B3F9AE99F2D85B2820 /* BillableHoursTests */,
				EFB1750EC6F6563A12EA825E /* BillableHoursUITests */,
				6C759C7DC63701D200508514 /* BillableHoursWidgets */,
			);
		};
/* End PBXProject section */

/* Begin PBXResourcesBuildPhase section */
		17E0A281FDF42B78ACEC69A4 /* Resources */ = {
			isa = PBXResourcesBuildPhase;
			buildActionMask = 2147483647;
			files = (
				DD55A7FF86AF89AE9ABA5342 /* PrivacyInfo.xcprivacy in Resources */,
			);
			runOnlyForDeploymentPostprocessing = 0;
		};
		5AB289A60BB608E83B440CA5 /* Resources */ = {
			isa = PBXResourcesBuildPhase;
			buildActionMask = 2147483647;
			files = (
				7284D4C1414F1273205A8085 /* PrivacyInfo.xcprivacy in Resources */,
			);
			runOnlyForDeploymentPostprocessing = 0;
		};
/* End PBXResourcesBuildPhase section */

/* Begin PBXSourcesBuildPhase section */
		5B1F6E70CC55D97AB13E3B72 /* Sources */ = {
			isa = PBXSourcesBuildPhase;
			buildActionMask = 2147483647;
			files = (
				BC64597FF059688B9595539D /* AppPreferences.swift in Sources */,
				8A956AD4B41F8EE61F1A7E21 /* BillableHoursApp.swift in Sources */,
				D75C1D591AB0F7BF5DA480CF /* BillableHoursAppIntentsPackage.swift in Sources */,
				242A2C4682A446ADBBE4816E /* BillableHoursAppModel.swift in Sources */,
				E4DCEA39DB01A7097E2E926B /* BillableHoursDependencies.swift in Sources */,
				5C39688F6FB48ACF4D019127 /* BillableHoursMigrationPlan.swift in Sources */,
				3BDB793F52BF55D009F523C6 /* BillableHoursPersistence.swift in Sources */,
				036978D165A5517311E31DEC /* BillableHoursSchemaV1.swift in Sources */,
				C1E21849F80042073CD0EF83 /* BillableHoursSchemaV2.swift in Sources */,
				CC9D5E5C127FD19BE562270E /* BillableHoursStartup.swift in Sources */,
				11D3A5CD96C45ECDA06FD3D6 /* BillableHoursUITestBootstrap.swift in Sources */,
				8CEDC100577AB5B86BEAAE61 /* LiveActivityLifecycle.swift in Sources */,
				47D370CD835147222DC72BE1 /* LiveActivityStopHandoffReconciler.swift in Sources */,
				517DE46C882F18B7D8E02531 /* ManualSessionEditorView.swift in Sources */,
				F26FD4B6FFDAF822459219C7 /* OnboardingView.swift in Sources */,
				FADE16112CD21B1D50A32048 /* PresentationSupport.swift in Sources */,
				DA26284CA4608ACC14D8DBE6 /* ProjectCommandService.swift in Sources */,
				238E723B49956E2348FF86AF /* ProjectManagementView.swift in Sources */,
				F407CB148BE36438737B7B8D /* ProjectQueryService.swift in Sources */,
				5BFF8C48470A083EC34C604C /* ProjectRepository.swift in Sources */,
				D5B574ED9D6FD1D61F5758E2 /* ProjectSnapshot.swift in Sources */,
				4B6F08E9D184EABD4A8082FD /* ReportingEngine.swift in Sources */,
				428C29B187D58B4CAB123290 /* ReportsView.swift in Sources */,
				308DF86A8F37ED8FC7332525 /* RootView.swift in Sources */,
				B4607528C1C97001AD17B364 /* SessionCommandModels.swift in Sources */,
				4CB18F1EE5E1B8DF1497CCDC /* SessionCommandService.swift in Sources */,
				936F7E0BD84647E0E772C4CB /* SessionCompletionView.swift in Sources */,
				C173709CA255D9B63E0B4807 /* SessionHistoryView.swift in Sources */,
				074A62EB3EF3C0D4203B0F37 /* SessionOverlapDetector.swift in Sources */,
				3D30796EC45B177735435037 /* SessionRepository.swift in Sources */,
				ACBD0D9F562890BDE1A467F7 /* SessionReviewView.swift in Sources */,
				8B57B7D0B74949B70C0C6835 /* SessionTagCommandService.swift in Sources */,
				EEB94300FCDA8F3742F89A51 /* SessionTagRepository.swift in Sources */,
				0A35BA314335C1B456916D12 /* SessionTagSnapshot.swift in Sources */,
				6B0CBADC52F36FADF371AD92 /* SettingsView.swift in Sources */,
				55AF51A8554824BE8500EB11 /* TimeSessionSnapshot.swift in Sources */,
				5E4F4A66EE68A43AEA5637DA /* TimerCommandService.swift in Sources */,
				52E0DACD8FA83FAA5531A6A6 /* TimerRepository.swift in Sources */,
				68D4F9BD38A880E9AC34E00D /* TrackView.swift in Sources */,
			);
			runOnlyForDeploymentPostprocessing = 0;
		};
		99898B0C4B35B61A7EACD812 /* Sources */ = {
			isa = PBXSourcesBuildPhase;
			buildActionMask = 2147483647;
			files = (
				60F045D847277897172BB3B3 /* ActiveSessionReconciliationTests.swift in Sources */,
				7892D78230AC58AC578483AF /* AppIntentsPackageTests.swift in Sources */,
				017C0F284980942B86B9F27B /* BillableHoursDependenciesTests.swift in Sources */,
				141D2E0638E70CC81F7FCF83 /* BillableHoursPersistenceTests.swift in Sources */,
				9DD9E20F6B55BD2EDAAEDA08 /* BillableHoursTests.swift in Sources */,
				EA2E61D37B671135A35EBC05 /* DependencyFixtures.swift in Sources */,
				4979A7D78FED7DABA5521F03 /* LiveActivityLifecycleTests.swift in Sources */,
				89B4A696B0161B769EC74537 /* ProjectCommandServiceTests.swift in Sources */,
				83B8564290969E99B562DBE7 /* ReportingEngineTests.swift in Sources */,
				E70A53BF41577473D67136A4 /* ReportingInvariantTests.swift in Sources */,
				6C0E70B6EFEB8E9735C43981 /* SessionCommandServiceTests.swift in Sources */,
				C920FE49D06CD35443067F3C /* SessionOverlapDetectorTests.swift in Sources */,
				E76E4DDEA350E0F07B4C41CB /* SessionTagCommandServiceTests.swift in Sources */,
				6D5719BBF25A8589FE172958 /* TimerCommandServiceTests.swift in Sources */,
				8B2BDCBAC17DA19A19588564 /* TimerStopCommandServiceTests.swift in Sources */,
				BA009EC59197026F729447BD /* TimerSwitchCommandServiceTests.swift in Sources */,
			);
			runOnlyForDeploymentPostprocessing = 0;
		};
		ABE0F6F9AA58F929BE9E3E7C /* Sources */ = {
			isa = PBXSourcesBuildPhase;
			buildActionMask = 2147483647;
			files = (
				B321CA27FBB80DE20505A998 /* BillableHoursActivityAttributes.swift in Sources */,
				33153B824A2EEFEC8962CDD3 /* BillableHoursSharedAppIntentsPackage.swift in Sources */,
				FDE573E0E4287086BA4738A7 /* BillableHoursSpikeRecord.swift in Sources */,
				7E9B005FAFA107817442BFEF /* BillableHoursStopHandoff.swift in Sources */,
				6319DE08ED084E060965D4A9 /* StopBillableTimerIntent.swift in Sources */,
			);
			runOnlyForDeploymentPostprocessing = 0;
		};
		BA58E8C2AAE44E4A439539E0 /* Sources */ = {
			isa = PBXSourcesBuildPhase;
			buildActionMask = 2147483647;
			files = (
				0DD19616081EBF363F117EE5 /* BillableHoursAccessibilityUITests.swift in Sources */,
				395B94599C037E78BFA05655 /* BillableHoursUITests.swift in Sources */,
			);
			runOnlyForDeploymentPostprocessing = 0;
		};
		EE0C6B7CF763DF4CF28B9724 /* Sources */ = {
			isa = PBXSourcesBuildPhase;
			buildActionMask = 2147483647;
			files = (
				A00D62C36780196FB1595693 /* BillableHoursLiveActivityWidget.swift in Sources */,
				6E4D8CE9C9F16B4B71BF86D3 /* BillableHoursWidgetBundle.swift in Sources */,
				DE5E045CB4E250632DECFFEB /* BillableHoursWidgetsAppIntentsPackage.swift in Sources */,
			);
			runOnlyForDeploymentPostprocessing = 0;
		};
/* End PBXSourcesBuildPhase section */

/* Begin PBXTargetDependency section */
		3A7CB5E4908CB4857426EE63 /* PBXTargetDependency */ = {
			isa = PBXTargetDependency;
			target = 6C759C7DC63701D200508514 /* BillableHoursWidgets */;
			targetProxy = 667DAB2E86D2F6FF22CF428A /* PBXContainerItemProxy */;
		};
		84FFBDB30C2068A572B37199 /* PBXTargetDependency */ = {
			isa = PBXTargetDependency;
			target = 52A15C9F5F417BB48C14A3CC /* BillableHoursShared */;
			targetProxy = 389D6DC7C73D7161CDA47C9D /* PBXContainerItemProxy */;
		};
		907AA7AEBFFFCEA13269FB42 /* PBXTargetDependency */ = {
			isa = PBXTargetDependency;
			target = 60B26CA2E81ABA615C72E62A /* BillableHours */;
			targetProxy = F8D1EE266D80873E3451CED0 /* PBXContainerItemProxy */;
		};
		B319C5884D6945D97B112FE0 /* PBXTargetDependency */ = {
			isa = PBXTargetDependency;
			target = 60B26CA2E81ABA615C72E62A /* BillableHours */;
			targetProxy = 2E76A27ECE511BBC8491CFF0 /* PBXContainerItemProxy */;
		};
		B636B83A7D59FC16B5B62F2E /* PBXTargetDependency */ = {
			isa = PBXTargetDependency;
			target = 52A15C9F5F417BB48C14A3CC /* BillableHoursShared */;
			targetProxy = 83F6AF50744E0D3543DF9C92 /* PBXContainerItemProxy */;
		};
/* End PBXTargetDependency section */

/* Begin XCBuildConfiguration section */
		28BB156C7B80702173FCF3B3 /* Release */ = {
			isa = XCBuildConfiguration;
			buildSettings = {
				BUNDLE_LOADER = "$(TEST_HOST)";
				GENERATE_INFOPLIST_FILE = YES;
				LD_RUNPATH_SEARCH_PATHS = (
					"$(inherited)",
					"@executable_path/Frameworks",
					"@loader_path/Frameworks",
				);
				PRODUCT_BUNDLE_IDENTIFIER = com.drewreilly.billablehours.uitests;
				SDKROOT = iphoneos;
				TEST_TARGET_NAME = BillableHours;
			};
			name = Release;
		};
		385948D5663A29C743A1FC3A /* Debug */ = {
			isa = XCBuildConfiguration;
			buildSettings = {
				ASSETCATALOG_COMPILER_APPICON_NAME = AppIcon;
				CODE_SIGN_ENTITLEMENTS = BillableHoursApp/Resources/BillableHours.entitlements;
				CODE_SIGN_IDENTITY = "iPhone Developer";
				CODE_SIGN_STYLE = Automatic;
				ENABLE_DEBUG_DYLIB = NO;
				GENERATE_INFOPLIST_FILE = NO;
				INFOPLIST_FILE = BillableHoursApp/Resources/Info.plist;
				LD_RUNPATH_SEARCH_PATHS = (
					"$(inherited)",
					"@executable_path/Frameworks",
				);
				OTHER_LDFLAGS = (
					"$(inherited)",
					"-force_load",
					"$(BUILT_PRODUCTS_DIR)/BillableHoursShared.framework/BillableHoursShared",
				);
				PRODUCT_BUNDLE_IDENTIFIER = com.drewreilly.billablehours;
				SDKROOT = iphoneos;
			};
			name = Debug;
		};
		3B73EA643D71A1DD6544AC7B /* Debug */ = {
			isa = XCBuildConfiguration;
			buildSettings = {
				BUNDLE_LOADER = "$(TEST_HOST)";
				GENERATE_INFOPLIST_FILE = YES;
				LD_RUNPATH_SEARCH_PATHS = (
					"$(inherited)",
					"@executable_path/Frameworks",
					"@loader_path/Frameworks",
				);
				PRODUCT_BUNDLE_IDENTIFIER = com.drewreilly.billablehours.uitests;
				SDKROOT = iphoneos;
				TEST_TARGET_NAME = BillableHours;
			};
			name = Debug;
		};
		6468B0DA51B338070FDB562E /* Release */ = {
			isa = XCBuildConfiguration;
			buildSettings = {
				ASSETCATALOG_COMPILER_APPICON_NAME = AppIcon;
				CODE_SIGN_ENTITLEMENTS = BillableHoursApp/Resources/BillableHours.entitlements;
				CODE_SIGN_IDENTITY = "iPhone Developer";
				CODE_SIGN_STYLE = Automatic;
				ENABLE_DEBUG_DYLIB = NO;
				GENERATE_INFOPLIST_FILE = NO;
				INFOPLIST_FILE = BillableHoursApp/Resources/Info.plist;
				LD_RUNPATH_SEARCH_PATHS = (
					"$(inherited)",
					"@executable_path/Frameworks",
				);
				OTHER_LDFLAGS = (
					"$(inherited)",
					"-force_load",
					"$(BUILT_PRODUCTS_DIR)/BillableHoursShared.framework/BillableHoursShared",
				);
				PRODUCT_BUNDLE_IDENTIFIER = com.drewreilly.billablehours;
				SDKROOT = iphoneos;
			};
			name = Release;
		};
		722B0A0CCCAE0E30774436C1 /* Debug */ = {
			isa = XCBuildConfiguration;
			baseConfigurationReference = 546F4483AF86B489CAF1C14C /* Debug.xcconfig */;
			buildSettings = {
				ALWAYS_SEARCH_USER_PATHS = NO;
				CLANG_ANALYZER_NONNULL = YES;
				CLANG_ANALYZER_NUMBER_OBJECT_CONVERSION = YES_AGGRESSIVE;
				CLANG_CXX_LANGUAGE_STANDARD = "gnu++14";
				CLANG_CXX_LIBRARY = "libc++";
				CLANG_ENABLE_MODULES = YES;
				CLANG_ENABLE_OBJC_ARC = YES;
				CLANG_ENABLE_OBJC_WEAK = YES;
				CLANG_WARN_BLOCK_CAPTURE_AUTORELEASING = YES;
				CLANG_WARN_BOOL_CONVERSION = YES;
				CLANG_WARN_COMMA = YES;
				CLANG_WARN_CONSTANT_CONVERSION = YES;
				CLANG_WARN_DEPRECATED_OBJC_IMPLEMENTATIONS = YES;
				CLANG_WARN_DIRECT_OBJC_ISA_USAGE = YES_ERROR;
				CLANG_WARN_DOCUMENTATION_COMMENTS = YES;
				CLANG_WARN_EMPTY_BODY = YES;
				CLANG_WARN_ENUM_CONVERSION = YES;
				CLANG_WARN_INFINITE_RECURSION = YES;
				CLANG_WARN_INT_CONVERSION = YES;
				CLANG_WARN_NON_LITERAL_NULL_CONVERSION = YES;
				CLANG_WARN_OBJC_IMPLICIT_RETAIN_SELF = YES;
				CLANG_WARN_OBJC_LITERAL_CONVERSION = YES;
				CLANG_WARN_OBJC_ROOT_CLASS = YES_ERROR;
				CLANG_WARN_QUOTED_INCLUDE_IN_FRAMEWORK_HEADER = YES;
				CLANG_WARN_RANGE_LOOP_ANALYSIS = YES;
				CLANG_WARN_STRICT_PROTOTYPES = YES;
				CLANG_WARN_SUSPICIOUS_MOVE = YES;
				CLANG_WARN_UNGUARDED_AVAILABILITY = YES_AGGRESSIVE;
				CLANG_WARN_UNREACHABLE_CODE = YES;
				CLANG_WARN__DUPLICATE_METHOD_MATCH = YES;
				COPY_PHASE_STRIP = NO;
				CURRENT_PROJECT_VERSION = 1;
				DEBUG_INFORMATION_FORMAT = dwarf;
				DEVELOPMENT_TEAM = 68LEY459MW;
				ENABLE_STRICT_OBJC_MSGSEND = YES;
				ENABLE_TESTABILITY = YES;
				GCC_C_LANGUAGE_STANDARD = gnu11;
				GCC_DYNAMIC_NO_PIC = NO;
				GCC_NO_COMMON_BLOCKS = YES;
				GCC_PREPROCESSOR_DEFINITIONS = (
					"$(inherited)",
					"DEBUG=1",
				);
				GCC_WARN_64_TO_32_BIT_CONVERSION = YES;
				GCC_WARN_ABOUT_RETURN_TYPE = YES_ERROR;
				GCC_WARN_UNDECLARED_SELECTOR = YES;
				GCC_WARN_UNINITIALIZED_AUTOS = YES_AGGRESSIVE;
				GCC_WARN_UNUSED_FUNCTION = YES;
				GCC_WARN_UNUSED_VARIABLE = YES;
				MARKETING_VERSION = 0.1.0;
				MTL_ENABLE_DEBUG_INFO = INCLUDE_SOURCE;
				MTL_FAST_MATH = YES;
				PRODUCT_NAME = "$(TARGET_NAME)";
				SDKROOT = iphoneos;
				SWIFT_VERSION = 6.0;
				TARGETED_DEVICE_FAMILY = 1;
			};
			name = Debug;
		};
		93C96905AC3DD8CBC8186637 /* Debug */ = {
			isa = XCBuildConfiguration;
			buildSettings = {
				CODE_SIGN_IDENTITY = "";
				CURRENT_PROJECT_VERSION = 1;
				DEFINES_MODULE = YES;
				DYLIB_COMPATIBILITY_VERSION = 1;
				DYLIB_CURRENT_VERSION = 1;
				DYLIB_INSTALL_NAME_BASE = "@rpath";
				GENERATE_INFOPLIST_FILE = YES;
				INSTALL_PATH = "$(LOCAL_LIBRARY_DIR)/Frameworks";
				LD_RUNPATH_SEARCH_PATHS = (
					"$(inherited)",
					"@executable_path/Frameworks",
				);
				MACH_O_TYPE = staticlib;
				PRODUCT_BUNDLE_IDENTIFIER = com.drewreilly.billablehours.shared;
				PRODUCT_NAME = BillableHoursShared;
				SDKROOT = iphoneos;
				SKIP_INSTALL = YES;
				VERSIONING_SYSTEM = "apple-generic";
			};
			name = Debug;
		};
		956B41398F55CBEB67F80374 /* Release */ = {
			isa = XCBuildConfiguration;
			buildSettings = {
				CODE_SIGN_IDENTITY = "";
				CURRENT_PROJECT_VERSION = 1;
				DEFINES_MODULE = YES;
				DYLIB_COMPATIBILITY_VERSION = 1;
				DYLIB_CURRENT_VERSION = 1;
				DYLIB_INSTALL_NAME_BASE = "@rpath";
				GENERATE_INFOPLIST_FILE = YES;
				INSTALL_PATH = "$(LOCAL_LIBRARY_DIR)/Frameworks";
				LD_RUNPATH_SEARCH_PATHS = (
					"$(inherited)",
					"@executable_path/Frameworks",
				);
				MACH_O_TYPE = staticlib;
				PRODUCT_BUNDLE_IDENTIFIER = com.drewreilly.billablehours.shared;
				PRODUCT_NAME = BillableHoursShared;
				SDKROOT = iphoneos;
				SKIP_INSTALL = YES;
				VERSIONING_SYSTEM = "apple-generic";
			};
			name = Release;
		};
		A10B036F79795D06D6B3D355 /* Debug */ = {
			isa = XCBuildConfiguration;
			buildSettings = {
				BUNDLE_LOADER = "$(TEST_HOST)";
				GENERATE_INFOPLIST_FILE = YES;
				LD_RUNPATH_SEARCH_PATHS = (
					"$(inherited)",
					"@executable_path/Frameworks",
					"@loader_path/Frameworks",
				);
				PRODUCT_BUNDLE_IDENTIFIER = com.drewreilly.billablehours.tests;
				SDKROOT = iphoneos;
				TEST_HOST = "$(BUILT_PRODUCTS_DIR)/BillableHours.app/BillableHours";
			};
			name = Debug;
		};
		D7C7823BB6DC61EE532654E3 /* Release */ = {
			isa = XCBuildConfiguration;
			baseConfigurationReference = 23283B4A25B35E88A3C547D1 /* Release.xcconfig */;
			buildSettings = {
				ALWAYS_SEARCH_USER_PATHS = NO;
				CLANG_ANALYZER_NONNULL = YES;
				CLANG_ANALYZER_NUMBER_OBJECT_CONVERSION = YES_AGGRESSIVE;
				CLANG_CXX_LANGUAGE_STANDARD = "gnu++14";
				CLANG_CXX_LIBRARY = "libc++";
				CLANG_ENABLE_MODULES = YES;
				CLANG_ENABLE_OBJC_ARC = YES;
				CLANG_ENABLE_OBJC_WEAK = YES;
				CLANG_WARN_BLOCK_CAPTURE_AUTORELEASING = YES;
				CLANG_WARN_BOOL_CONVERSION = YES;
				CLANG_WARN_COMMA = YES;
				CLANG_WARN_CONSTANT_CONVERSION = YES;
				CLANG_WARN_DEPRECATED_OBJC_IMPLEMENTATIONS = YES;
				CLANG_WARN_DIRECT_OBJC_ISA_USAGE = YES_ERROR;
				CLANG_WARN_DOCUMENTATION_COMMENTS = YES;
				CLANG_WARN_EMPTY_BODY = YES;
				CLANG_WARN_ENUM_CONVERSION = YES;
				CLANG_WARN_INFINITE_RECURSION = YES;
				CLANG_WARN_INT_CONVERSION = YES;
				CLANG_WARN_NON_LITERAL_NULL_CONVERSION = YES;
				CLANG_WARN_OBJC_IMPLICIT_RETAIN_SELF = YES;
				CLANG_WARN_OBJC_LITERAL_CONVERSION = YES;
				CLANG_WARN_OBJC_ROOT_CLASS = YES_ERROR;
				CLANG_WARN_QUOTED_INCLUDE_IN_FRAMEWORK_HEADER = YES;
				CLANG_WARN_RANGE_LOOP_ANALYSIS = YES;
				CLANG_WARN_STRICT_PROTOTYPES = YES;
				CLANG_WARN_SUSPICIOUS_MOVE = YES;
				CLANG_WARN_UNGUARDED_AVAILABILITY = YES_AGGRESSIVE;
				CLANG_WARN_UNREACHABLE_CODE = YES;
				CLANG_WARN__DUPLICATE_METHOD_MATCH = YES;
				COPY_PHASE_STRIP = NO;
				CURRENT_PROJECT_VERSION = 1;
				DEBUG_INFORMATION_FORMAT = "dwarf-with-dsym";
				DEVELOPMENT_TEAM = 68LEY459MW;
				ENABLE_NS_ASSERTIONS = NO;
				ENABLE_STRICT_OBJC_MSGSEND = YES;
				GCC_C_LANGUAGE_STANDARD = gnu11;
				GCC_NO_COMMON_BLOCKS = YES;
				GCC_WARN_64_TO_32_BIT_CONVERSION = YES;
				GCC_WARN_ABOUT_RETURN_TYPE = YES_ERROR;
				GCC_WARN_UNDECLARED_SELECTOR = YES;
				GCC_WARN_UNINITIALIZED_AUTOS = YES_AGGRESSIVE;
				GCC_WARN_UNUSED_FUNCTION = YES;
				GCC_WARN_UNUSED_VARIABLE = YES;
				MARKETING_VERSION = 0.1.0;
				MTL_ENABLE_DEBUG_INFO = NO;
				MTL_FAST_MATH = YES;
				PRODUCT_NAME = "$(TARGET_NAME)";
				SDKROOT = iphoneos;
				SWIFT_VERSION = 6.0;
				TARGETED_DEVICE_FAMILY = 1;
			};
			name = Release;
		};
		DB7C7A1E456AD2A2B39BF16F /* Release */ = {
			isa = XCBuildConfiguration;
			buildSettings = {
				BUNDLE_LOADER = "$(TEST_HOST)";
				GENERATE_INFOPLIST_FILE = YES;
				LD_RUNPATH_SEARCH_PATHS = (
					"$(inherited)",
					"@executable_path/Frameworks",
					"@loader_path/Frameworks",
				);
				PRODUCT_BUNDLE_IDENTIFIER = com.drewreilly.billablehours.tests;
				SDKROOT = iphoneos;
				TEST_HOST = "$(BUILT_PRODUCTS_DIR)/BillableHours.app/BillableHours";
			};
			name = Release;
		};
		DCC9AA45FB0AAA0A2B62D7CF /* Debug */ = {
			isa = XCBuildConfiguration;
			buildSettings = {
				APPLICATION_EXTENSION_API_ONLY = YES;
				CODE_SIGN_ENTITLEMENTS = BillableHoursWidgets/BillableHoursWidgets.entitlements;
				CODE_SIGN_STYLE = Automatic;
				GENERATE_INFOPLIST_FILE = NO;
				INFOPLIST_FILE = BillableHoursWidgets/Info.plist;
				LD_RUNPATH_SEARCH_PATHS = (
					"$(inherited)",
					"@executable_path/Frameworks",
					"@executable_path/../../Frameworks",
				);
				OTHER_LDFLAGS = (
					"$(inherited)",
					"-force_load",
					"$(BUILT_PRODUCTS_DIR)/BillableHoursShared.framework/BillableHoursShared",
				);
				PRODUCT_BUNDLE_IDENTIFIER = com.drewreilly.billablehours.widgets;
				PRODUCT_NAME = BillableHoursWidgets;
				SDKROOT = iphoneos;
				SKIP_INSTALL = YES;
			};
			name = Debug;
		};
		E5F2A76340E01C1666923B36 /* Release */ = {
			isa = XCBuildConfiguration;
			buildSettings = {
				APPLICATION_EXTENSION_API_ONLY = YES;
				CODE_SIGN_ENTITLEMENTS = BillableHoursWidgets/BillableHoursWidgets.entitlements;
				CODE_SIGN_STYLE = Automatic;
				GENERATE_INFOPLIST_FILE = NO;
				INFOPLIST_FILE = BillableHoursWidgets/Info.plist;
				LD_RUNPATH_SEARCH_PATHS = (
					"$(inherited)",
					"@executable_path/Frameworks",
					"@executable_path/../../Frameworks",
				);
				OTHER_LDFLAGS = (
					"$(inherited)",
					"-force_load",
					"$(BUILT_PRODUCTS_DIR)/BillableHoursShared.framework/BillableHoursShared",
				);
				PRODUCT_BUNDLE_IDENTIFIER = com.drewreilly.billablehours.widgets;
				PRODUCT_NAME = BillableHoursWidgets;
				SDKROOT = iphoneos;
				SKIP_INSTALL = YES;
			};
			name = Release;
		};
/* End XCBuildConfiguration section */

/* Begin XCConfigurationList section */
		17EA9EA5D555F017643C31AE /* Build configuration list for PBXNativeTarget "BillableHoursShared" */ = {
			isa = XCConfigurationList;
			buildConfigurations = (
				93C96905AC3DD8CBC8186637 /* Debug */,
				956B41398F55CBEB67F80374 /* Release */,
			);
			defaultConfigurationIsVisible = 0;
			defaultConfigurationName = Debug;
		};
		43963AA9E6F6D369E776C64F /* Build configuration list for PBXProject "BillableHours" */ = {
			isa = XCConfigurationList;
			buildConfigurations = (
				722B0A0CCCAE0E30774436C1 /* Debug */,
				D7C7823BB6DC61EE532654E3 /* Release */,
			);
			defaultConfigurationIsVisible = 0;
			defaultConfigurationName = Debug;
		};
		451E66F4B83D2D1C8DCDFB8A /* Build configuration list for PBXNativeTarget "BillableHoursTests" */ = {
			isa = XCConfigurationList;
			buildConfigurations = (
				A10B036F79795D06D6B3D355 /* Debug */,
				DB7C7A1E456AD2A2B39BF16F /* Release */,
			);
			defaultConfigurationIsVisible = 0;
			defaultConfigurationName = Debug;
		};
		768EE5B32B7DC92D83417944 /* Build configuration list for PBXNativeTarget "BillableHours" */ = {
			isa = XCConfigurationList;
			buildConfigurations = (
				385948D5663A29C743A1FC3A /* Debug */,
				6468B0DA51B338070FDB562E /* Release */,
			);
			defaultConfigurationIsVisible = 0;
			defaultConfigurationName = Debug;
		};
		8CF7DAE150AF4F001E527354 /* Build configuration list for PBXNativeTarget "BillableHoursUITests" */ = {
			isa = XCConfigurationList;
			buildConfigurations = (
				3B73EA643D71A1DD6544AC7B /* Debug */,
				28BB156C7B80702173FCF3B3 /* Release */,
			);
			defaultConfigurationIsVisible = 0;
			defaultConfigurationName = Debug;
		};
		CD1BE4F03613631557E4D697 /* Build configuration list for PBXNativeTarget "BillableHoursWidgets" */ = {
			isa = XCConfigurationList;
			buildConfigurations = (
				DCC9AA45FB0AAA0A2B62D7CF /* Debug */,
				E5F2A76340E01C1666923B36 /* Release */,
			);
			defaultConfigurationIsVisible = 0;
			defaultConfigurationName = Debug;
		};
/* End XCConfigurationList section */
	};
	rootObject = 55CD2D36176885EA5FAAC404 /* Project object */;
}
